
Microsoft Visual Studio Solution File, Format Version 12.00
#
Project("{FAE04EC0-301F-11D3-BF4B-00C04F79EFBC}") = "Avtomoika.Api", "Avtomoika.Api\Avtomoika.Api.csproj", "{650F73CB-9494-4D52-9713-94EA848D8365}"
EndProject
Project("{FAE04EC0-301F-11D3-BF4B-00C04F79EFBC}") = "Avtomoika.Application", "Avtomoika.Application\Avtomoika.Application.csproj", "{F57AA248-B901-41A8-8E3D-D63573CE2E00}"
EndProject
Project("{FAE04EC0-301F-11D3-BF4B-00C04F79EFBC}") = "Avtomoika.Domain", "Avtomoika.Domain\Avtomoika.Domain.csproj", "{2AB05F32-1817-4D61-8201-2C09EB1CE2B6}"
EndProject
Project("{FAE04EC0-301F-11D3-BF4B-00C04F79EFBC}") = "Avtomoika.Infrastructure", "Avtomoika.Infrastructure\Avtomoika.Infrastructure.csproj", "{A35B8C43-76E5-4FC8-8F15-525B524AF8FA}"
EndProject
Project("{FAE04EC0-301F-11D3-BF4B-00C04F79EFBC}") = "Avtomoika.Tests", "Avtomoika.Tests\Avtomoika.Tests.csproj", "{CF691B9C-9ECB-49BD-A245-93FBF360B6FF}"
EndProject
Global
	GlobalSection(SolutionConfigurationPlatforms) = preSolution
		Debug|Any CPU = Debug|Any CPU
		Release|Any CPU = Release|Any CPU
	EndGlobalSection
	GlobalSection(ProjectConfigurationPlatforms) = postSolution
		{650F73CB-9494-4D52-9713-94EA848D8365}.Debug|Any CPU.ActiveCfg = Debug|Any CPU
		{650F73CB-9494-4D52-9713-94EA848D8365}.Debug|Any CPU.Build.0 = Debug|Any CPU
		{650F73CB-9494-4D52-9713-94EA848D8365}.Release|Any CPU.ActiveCfg = Release|Any CPU
		{650F73CB-9494-4D52-9713-94EA848D8365}.Release|Any CPU.Build.0 = Release|Any CPU
		{F57AA248-B901-41A8-8E3D-D63573CE2E00}.Debug|Any CPU.ActiveCfg = Debug|Any CPU
		{F57AA248-B901-41A8-8E3D-D63573CE2E00}.Debug|Any CPU.Build.0 = Debug|Any CPU
		{F57AA248-B901-41A8-8E3D-D63573CE2E00}.Release|Any CPU.ActiveCfg = Release|Any CPU
		{F57AA248-B901-41A8-8E3D-D63573CE2E00}.Release|Any CPU.Build.0 = Release|Any CPU
		{2AB05F32-1817-4D61-8201-2C09EB1CE2B6}.Debug|Any CPU.ActiveCfg = Debug|Any CPU
		{2AB05F32-1817-4D61-8201-2C09EB1CE2B6}.Debug|Any CPU.Build.0 = Debug|Any CPU
		{2AB05F32-1817-4D61-8201-2C09EB1CE2B6}.Release|Any CPU.ActiveCfg = Release|Any CPU
		{2AB05F32-1817-4D61-8201-2C09EB1CE2B6}.Release|Any CPU.Build.0 = Release|Any CPU
		{A35B8C43-76E5-4FC8-8F15-525B524AF8FA}.Debug|Any CPU.ActiveCfg = Debug|Any CPU
		{A35B8C43-76E5-4FC8-8F15-525B524AF8FA}.Debug|Any CPU.Build.0 = Debug|Any CPU
		{A35B8C43-76E5-4FC8-8F15-525B524AF8FA}.Release|Any CPU.ActiveCfg = Release|Any CPU
		{A35B8C43-76E5-4FC8-8F15-525B524AF8FA}.Release|Any CPU.Build.0 = Release|Any CPU
		{CF691B9C-9ECB-49BD-A245-93FBF360B6FF}.Debug|Any CPU.ActiveCfg = Debug|Any CPU
		{CF691B9C-9ECB-49BD-A245-93FBF360B6FF}.Debug|Any CPU.Build.0 = Debug|Any CPU
		{CF691B9C-9ECB-49BD-A245-93FBF360B6FF}.Release|Any CPU.ActiveCfg = Release|Any CPU
		{CF691B9C-9ECB-49BD-A245-93FBF360B6FF}.Release|Any CPU.Build.0 = Release|Any CPU
	EndGlobalSection
EndGlobal
